
Microsoft Visual Studio Solution File, Format Version 12.00
# Visual Studio Version 17
VisualStudioVersion = 17.6.33829.357
MinimumVisualStudioVersion = 10.0.40219.1
Project("{FAE04EC0-301F-11D3-BF4B-00C04F79EFBC}") = "WebAjaxEjemplo", "WebAjaxEjemplo\WebAjaxEjemplo.csproj", "{5A5F0A27-CC67-44BC-9CD8-DC3BB8383F0C}"
EndProject
Project("{2150E333-8FDC-42A3-9474-1A3956D46DE8}") = "1. UI", "1. UI", "{6B4A49AE-2684-46F7-B5CB-5F288254F0F6}"
EndProject
Project("{2150E333-8FDC-42A3-9474-1A3956D46DE8}") = "2. Datos", "2. Datos", "{AAFA1E57-C495-4C59-B8C9-C33351DDB227}"
EndProject
Project("{FAE04EC0-301F-11D3-BF4B-00C04F79EFBC}") = "DatosMascotas", "DatosMascotas\DatosMascotas.csproj", "{DECA71CC-F12C-4CD4-A83E-5D0356D0364F}"
EndProject
Global
	GlobalSection(SolutionConfigurationPlatforms) = preSolution
		Debug|Any CPU = Debug|Any CPU
		Release|Any CPU = Release|Any CPU
	EndGlobalSection
	GlobalSection(ProjectConfigurationPlatforms) = postSolution
		{5A5F0A27-CC67-44BC-9CD8-DC3BB8383F0C}.Debug|Any CPU.ActiveCfg = Debug|Any CPU
		{5A5F0A27-CC67-44BC-9CD8-DC3BB8383F0C}.Debug|Any CPU.Build.0 = Debug|Any CPU
		{5A5F0A27-CC67-44BC-9CD8-DC3BB8383F0C}.Release|Any CPU.ActiveCfg = Release|Any CPU
		{5A5F0A27-CC67-44BC-9CD8-DC3BB8383F0C}.Release|Any CPU.Build.0 = Release|Any CPU
		{DECA71CC-F12C-4CD4-A83E-5D0356D0364F}.Debug|Any CPU.ActiveCfg = Debug|Any CPU
		{DECA71CC-F12C-4CD4-A83E-5D0356D0364F}.Debug|Any CPU.Build.0 = Debug|Any CPU
		{DECA71CC-F12C-4CD4-A83E-5D0356D0364F}.Release|Any CPU.ActiveCfg = Release|Any CPU
		{DECA71CC-F12C-4CD4-A83E-5D0356D0364F}.Release|Any CPU.Build.0 = Release|Any CPU
	EndGlobalSection
	GlobalSection(SolutionProperties) = preSolution
		HideSolutionNode = FALSE
	EndGlobalSection
	GlobalSection(NestedProjects) = preSolution
		{5A5F0A27-CC67-44BC-9CD8-DC3BB8383F0C} = {6B4A49AE-2684-46F7-B5CB-5F288254F0F6}
		{DECA71CC-F12C-4CD4-A83E-5D0356D0364F} = {AAFA1E57-C495-4C59-B8C9-C33351DDB227}
	EndGlobalSection
	GlobalSection(ExtensibilityGlobals) = postSolution
		SolutionGuid = {218D42B5-E0A2-41A3-A33D-28ADF05F5DC9}
	EndGlobalSection
EndGlobal
